
Microsoft Visual Studio Solution File, Format Version 12.00
# Visual Studio 15
VisualStudioVersion = 15.0.28307.168
MinimumVisualStudioVersion = 10.0.40219.1
Project("{FAE04EC0-301F-11D3-BF4B-00C04F79EFBC}") = "Word Creator", "Make Believe\Word Creator.csproj", "{BA9E526E-7BCC-4E5B-AA43-D470DFC181F8}"
EndProject
Project("{FAE04EC0-301F-11D3-BF4B-00C04F79EFBC}") = "Sentence Creator", "Sentence Creator\Sentence Creator.csproj", "{CA8B3D97-6DDC-40A3-930D-6EF2DFE8732D}"
EndProject
Global
	GlobalSection(SolutionConfigurationPlatforms) = preSolution
		Debug|Any CPU = Debug|Any CPU
		Release|Any CPU = Release|Any CPU
	EndGlobalSection
	GlobalSection(ProjectConfigurationPlatforms) = postSolution
		{BA9E526E-7BCC-4E5B-AA43-D470DFC181F8}.Debug|Any CPU.ActiveCfg = Debug|Any CPU
		{BA9E526E-7BCC-4E5B-AA43-D470DFC181F8}.Debug|Any CPU.Build.0 = Debug|Any CPU
		{BA9E526E-7BCC-4E5B-AA43-D470DFC181F8}.Release|Any CPU.ActiveCfg = Release|Any CPU
		{BA9E526E-7BCC-4E5B-AA43-D470DFC181F8}.Release|Any CPU.Build.0 = Release|Any CPU
		{CA8B3D97-6DDC-40A3-930D-6EF2DFE8732D}.Debug|Any CPU.ActiveCfg = Debug|Any CPU
		{CA8B3D97-6DDC-40A3-930D-6EF2DFE8732D}.Debug|Any CPU.Build.0 = Debug|Any CPU
		{CA8B3D97-6DDC-40A3-930D-6EF2DFE8732D}.Release|Any CPU.ActiveCfg = Release|Any CPU
		{CA8B3D97-6DDC-40A3-930D-6EF2DFE8732D}.Release|Any CPU.Build.0 = Release|Any CPU
	EndGlobalSection
	GlobalSection(SolutionProperties) = preSolution
		HideSolutionNode = FALSE
	EndGlobalSection
	GlobalSection(ExtensibilityGlobals) = postSolution
		SolutionGuid = {B672ECBE-95B1-4CF4-BFAF-47E32D744EFF}
	EndGlobalSection
EndGlobal
